// !$*UTF8*$!
{
	archiveVersion = 1;
	classes = {
	};
	objectVersion = 46;
	objects = {

/* Begin PBXBuildFile section */
		9618D4AF163BC2B800AFD8A9 /* wrapEvent.cpp in Sources */ = {isa = PBXBuildFile; fileRef = 9618D4AD163BC2B800AFD8A9 /* wrapEvent.cpp */; };
		9618D4B6163FA3C300AFD8A9 /* JSLPrivateAccess.cpp in Sources */ = {isa = PBXBuildFile; fileRef = 9618D4B4163FA3C300AFD8A9 /* JSLPrivateAccess.cpp */; };
		967D705916788194004EF127 /* wrapGraphics_Image.cpp in Sources */ = {isa = PBXBuildFile; fileRef = 967D705816788194004EF127 /* wrapGraphics_Image.cpp */; };
		967D705C1678850C004EF127 /* wrapGraphics_Quad.cpp in Sources */ = {isa = PBXBuildFile; fileRef = 967D705B1678850C004EF127 /* wrapGraphics_Quad.cpp */; };
		967D705F1679C1DC004EF127 /* wrapKeyboard.cpp in Sources */ = {isa = PBXBuildFile; fileRef = 967D705E1679C1DC004EF127 /* wrapKeyboard.cpp */; };
		967D706D1679C503004EF127 /* Keyboard.cpp in Sources */ = {isa = PBXBuildFile; fileRef = 967D70631679C503004EF127 /* Keyboard.cpp */; };
		967D706F1679C503004EF127 /* Keyboard.cpp in Sources */ = {isa = PBXBuildFile; fileRef = 967D70671679C503004EF127 /* Keyboard.cpp */; };
		96880208162A41E700309623 /* Cocoa.framework in Frameworks */ = {isa = PBXBuildFile; fileRef = 96880207162A41E700309623 /* Cocoa.framework */; };
		96880212162A41E700309623 /* InfoPlist.strings in Resources */ = {isa = PBXBuildFile; fileRef = 96880210162A41E700309623 /* InfoPlist.strings */; };
		96880218162A41E700309623 /* Credits.rtf in Resources */ = {isa = PBXBuildFile; fileRef = 96880216162A41E700309623 /* Credits.rtf */; };
		9688021E162A41E700309623 /* MainMenu.xib in Resources */ = {isa = PBXBuildFile; fileRef = 9688021C162A41E700309623 /* MainMenu.xib */; };
		96880231162A6EB600309623 /* boot.js in Resources */ = {isa = PBXBuildFile; fileRef = 96880230162A6EB600309623 /* boot.js */; };
		9688060A162A8D5800309623 /* delay.cpp in Sources */ = {isa = PBXBuildFile; fileRef = 9688042D162A8D5800309623 /* delay.cpp */; };
		968806D1162A8D5800309623 /* Timer.cpp in Sources */ = {isa = PBXBuildFile; fileRef = 968805FA162A8D5800309623 /* Timer.cpp */; };
		968806D9162A8E0200309623 /* Exception.cpp in Sources */ = {isa = PBXBuildFile; fileRef = 968806D5162A8E0200309623 /* Exception.cpp */; };
		968806DA162A8E0200309623 /* Object.cpp in Sources */ = {isa = PBXBuildFile; fileRef = 968806D7162A8E0200309623 /* Object.cpp */; };
		968806DC162AAE3200309623 /* JavaScriptCore.framework in Frameworks */ = {isa = PBXBuildFile; fileRef = 968806DB162AAE3200309623 /* JavaScriptCore.framework */; };
		968806E2162AAF3100309623 /* jscimpl.cpp in Sources */ = {isa = PBXBuildFile; fileRef = 968806E0162AAF3100309623 /* jscimpl.cpp */; };
		9688074E162B6CF900309623 /* Love.icns in Resources */ = {isa = PBXBuildFile; fileRef = 96880713162B6CF900309623 /* Love.icns */; };
		9688074F162B6CF900309623 /* LoveDocument.icns in Resources */ = {isa = PBXBuildFile; fileRef = 96880714162B6CF900309623 /* LoveDocument.icns */; };
		96880750162B6CF900309623 /* love-Info.plist in Resources */ = {isa = PBXBuildFile; fileRef = 96880715162B6CF900309623 /* love-Info.plist */; };
		96880754162B6CF900309623 /* SDLMain.m in Sources */ = {isa = PBXBuildFile; fileRef = 9688071E162B6CF900309623 /* SDLMain.m */; };
		9688076B162B6EDB00309623 /* main.mm in Sources */ = {isa = PBXBuildFile; fileRef = 9688076A162B6EDB00309623 /* main.mm */; };
		96880783162B738300309623 /* File.cpp in Sources */ = {isa = PBXBuildFile; fileRef = 96880772162B738300309623 /* File.cpp */; };
		96880784162B738300309623 /* FileData.cpp in Sources */ = {isa = PBXBuildFile; fileRef = 96880774162B738300309623 /* FileData.cpp */; };
		96880785162B738300309623 /* File.cpp in Sources */ = {isa = PBXBuildFile; fileRef = 96880777162B738300309623 /* File.cpp */; };
		96880786162B738300309623 /* Filesystem.cpp in Sources */ = {isa = PBXBuildFile; fileRef = 96880779162B738300309623 /* Filesystem.cpp */; };
		9688078C162B75D800309623 /* b64.cpp in Sources */ = {isa = PBXBuildFile; fileRef = 9688078A162B75D800309623 /* b64.cpp */; };
		9688079A162B88AC00309623 /* wrapFilesystem.cpp in Sources */ = {isa = PBXBuildFile; fileRef = 96880792162B88AC00309623 /* wrapFilesystem.cpp */; };
		9688079B162B88AC00309623 /* wrapTimer.cpp in Sources */ = {isa = PBXBuildFile; fileRef = 96880796162B88AC00309623 /* wrapTimer.cpp */; };
		9688079E162B88BD00309623 /* nogame.js in Resources */ = {isa = PBXBuildFile; fileRef = 9688079D162B88BD00309623 /* nogame.js */; };
		968807A1162B88ED00309623 /* wrapGraphics.cpp in Sources */ = {isa = PBXBuildFile; fileRef = 9688079F162B88ED00309623 /* wrapGraphics.cpp */; };
		968807A4162B8FB200309623 /* WrapUtils.cpp in Sources */ = {isa = PBXBuildFile; fileRef = 968807A3162B8FB200309623 /* WrapUtils.cpp */; };
		968807E1162B942A00309623 /* Graphics.cpp in Sources */ = {isa = PBXBuildFile; fileRef = 968807AC162B942A00309623 /* Graphics.cpp */; };
		968807E9162B942A00309623 /* Graphics.cpp in Sources */ = {isa = PBXBuildFile; fileRef = 968807BA162B942A00309623 /* Graphics.cpp */; };
		968807FC162B96D700309623 /* OpenGL.framework in Frameworks */ = {isa = PBXBuildFile; fileRef = 968807FB162B96D700309623 /* OpenGL.framework */; };
		968807FF162B96FA00309623 /* GLee.c in Sources */ = {isa = PBXBuildFile; fileRef = 968807FD162B96FA00309623 /* GLee.c */; };
		96880802162B970F00309623 /* Matrix.cpp in Sources */ = {isa = PBXBuildFile; fileRef = 96880800162B970F00309623 /* Matrix.cpp */; };
		96880809162B972900309623 /* Window.cpp in Sources */ = {isa = PBXBuildFile; fileRef = 96880805162B972900309623 /* Window.cpp */; };
		9688080A162B972900309623 /* Window.cpp in Sources */ = {isa = PBXBuildFile; fileRef = 96880807162B972900309623 /* Window.cpp */; };
		9688081D162B975B00309623 /* Canvas.cpp in Sources */ = {isa = PBXBuildFile; fileRef = 9688080B162B975900309623 /* Canvas.cpp */; };
		9688081E162B975B00309623 /* Font.cpp in Sources */ = {isa = PBXBuildFile; fileRef = 9688080D162B975A00309623 /* Font.cpp */; };
		9688081F162B975B00309623 /* Image.cpp in Sources */ = {isa = PBXBuildFile; fileRef = 9688080F162B975A00309623 /* Image.cpp */; };
		96880820162B975B00309623 /* OpenGL.cpp in Sources */ = {isa = PBXBuildFile; fileRef = 96880811162B975A00309623 /* OpenGL.cpp */; };
		96880821162B975B00309623 /* ParticleSystem.cpp in Sources */ = {isa = PBXBuildFile; fileRef = 96880813162B975A00309623 /* ParticleSystem.cpp */; };
		96880822162B975B00309623 /* PixelEffect.cpp in Sources */ = {isa = PBXBuildFile; fileRef = 96880815162B975A00309623 /* PixelEffect.cpp */; };
		96880823162B975B00309623 /* Quad.cpp in Sources */ = {isa = PBXBuildFile; fileRef = 96880817162B975B00309623 /* Quad.cpp */; };
		96880824162B975B00309623 /* SpriteBatch.cpp in Sources */ = {isa = PBXBuildFile; fileRef = 96880819162B975B00309623 /* SpriteBatch.cpp */; };
		96880825162B975B00309623 /* VertexBuffer.cpp in Sources */ = {isa = PBXBuildFile; fileRef = 9688081B162B975B00309623 /* VertexBuffer.cpp */; };
		96880831162B977700309623 /* Drawable.cpp in Sources */ = {isa = PBXBuildFile; fileRef = 96880827162B977600309623 /* Drawable.cpp */; };
		96880832162B977700309623 /* DrawQable.cpp in Sources */ = {isa = PBXBuildFile; fileRef = 96880829162B977600309623 /* DrawQable.cpp */; };
		96880833162B977700309623 /* Image.cpp in Sources */ = {isa = PBXBuildFile; fileRef = 9688082B162B977600309623 /* Image.cpp */; };
		96880834162B977700309623 /* Quad.cpp in Sources */ = {isa = PBXBuildFile; fileRef = 9688082D162B977600309623 /* Quad.cpp */; };
		96880835162B977700309623 /* Volatile.cpp in Sources */ = {isa = PBXBuildFile; fileRef = 9688082F162B977600309623 /* Volatile.cpp */; };
		96880849162B97BA00309623 /* Font.cpp in Sources */ = {isa = PBXBuildFile; fileRef = 96880839162B97BA00309623 /* Font.cpp */; };
		9688084A162B97BA00309623 /* TrueTypeRasterizer.cpp in Sources */ = {isa = PBXBuildFile; fileRef = 9688083B162B97BA00309623 /* TrueTypeRasterizer.cpp */; };
		9688084C162B97BA00309623 /* GlyphData.cpp in Sources */ = {isa = PBXBuildFile; fileRef = 9688083F162B97BA00309623 /* GlyphData.cpp */; };
		9688084D162B97BA00309623 /* ImageRasterizer.cpp in Sources */ = {isa = PBXBuildFile; fileRef = 96880841162B97BA00309623 /* ImageRasterizer.cpp */; };
		9688084E162B97BA00309623 /* Rasterizer.cpp in Sources */ = {isa = PBXBuildFile; fileRef = 96880843162B97BA00309623 /* Rasterizer.cpp */; };
		9688085E162BA08200309623 /* Image.cpp in Sources */ = {isa = PBXBuildFile; fileRef = 96880853162BA08200309623 /* Image.cpp */; };
		9688085F162BA08200309623 /* ImageData.cpp in Sources */ = {isa = PBXBuildFile; fileRef = 96880855162BA08200309623 /* ImageData.cpp */; };
		96880860162BA08200309623 /* ImageData.cpp in Sources */ = {isa = PBXBuildFile; fileRef = 96880858162BA08200309623 /* ImageData.cpp */; };
		9688086D162BA13000309623 /* threads.cpp in Sources */ = {isa = PBXBuildFile; fileRef = 96880865162BA13000309623 /* threads.cpp */; };
		9688086E162BA13000309623 /* Thread.cpp in Sources */ = {isa = PBXBuildFile; fileRef = 96880867162BA13000309623 /* Thread.cpp */; };
		96880875162BA53000309623 /* wrapImage.cpp in Sources */ = {isa = PBXBuildFile; fileRef = 96880873162BA53000309623 /* wrapImage.cpp */; };
		9688087E162BBE2D00309623 /* Event.cpp in Sources */ = {isa = PBXBuildFile; fileRef = 96880877162BBE2D00309623 /* Event.cpp */; };
		9688087F162BBE2D00309623 /* Event.cpp in Sources */ = {isa = PBXBuildFile; fileRef = 9688087A162BBE2D00309623 /* Event.cpp */; };
		96880883162BDD2B00309623 /* Vector.cpp in Sources */ = {isa = PBXBuildFile; fileRef = 96880882162BDD2B00309623 /* Vector.cpp */; };
		96880885162BDD3D00309623 /* Variant.cpp in Sources */ = {isa = PBXBuildFile; fileRef = 96880884162BDD3D00309623 /* Variant.cpp */; };
/* End PBXBuildFile section */

/* Begin PBXFileReference section */
		9618D4AD163BC2B800AFD8A9 /* wrapEvent.cpp */ = {isa = PBXFileReference; fileEncoding = 4; lastKnownFileType = sourcecode.cpp.cpp; path = wrapEvent.cpp; sourceTree = "<group>"; };
		9618D4B4163FA3C300AFD8A9 /* JSLPrivateAccess.cpp */ = {isa = PBXFileReference; fileEncoding = 4; lastKnownFileType = sourcecode.cpp.cpp; path = JSLPrivateAccess.cpp; sourceTree = "<group>"; };
		9618D4B5163FA3C300AFD8A9 /* JSLPrivateAccess.h */ = {isa = PBXFileReference; fileEncoding = 4; lastKnownFileType = sourcecode.c.h; path = JSLPrivateAccess.h; sourceTree = "<group>"; };
		967D705816788194004EF127 /* wrapGraphics_Image.cpp */ = {isa = PBXFileReference; fileEncoding = 4; lastKnownFileType = sourcecode.cpp.cpp; path = wrapGraphics_Image.cpp; sourceTree = "<group>"; };
		967D705B1678850C004EF127 /* wrapGraphics_Quad.cpp */ = {isa = PBXFileReference; fileEncoding = 4; lastKnownFileType = sourcecode.cpp.cpp; path = wrapGraphics_Quad.cpp; sourceTree = "<group>"; };
		967D705E1679C1DC004EF127 /* wrapKeyboard.cpp */ = {isa = PBXFileReference; fileEncoding = 4; lastKnownFileType = sourcecode.cpp.cpp; path = wrapKeyboard.cpp; sourceTree = "<group>"; };
		967D70631679C503004EF127 /* Keyboard.cpp */ = {isa = PBXFileReference; fileEncoding = 4; lastKnownFileType = sourcecode.cpp.cpp; path = Keyboard.cpp; sourceTree = "<group>"; };
		967D70641679C503004EF127 /* Keyboard.h */ = {isa = PBXFileReference; fileEncoding = 4; lastKnownFileType = sourcecode.c.h; path = Keyboard.h; sourceTree = "<group>"; };
		967D70671679C503004EF127 /* Keyboard.cpp */ = {isa = PBXFileReference; fileEncoding = 4; lastKnownFileType = sourcecode.cpp.cpp; path = Keyboard.cpp; sourceTree = "<group>"; };
		967D70681679C503004EF127 /* Keyboard.h */ = {isa = PBXFileReference; fileEncoding = 4; lastKnownFileType = sourcecode.c.h; path = Keyboard.h; sourceTree = "<group>"; };
		96880203162A41E700309623 /* jslove.app */ = {isa = PBXFileReference; explicitFileType = wrapper.application; includeInIndex = 0; path = jslove.app; sourceTree = BUILT_PRODUCTS_DIR; };
		96880207162A41E700309623 /* Cocoa.framework */ = {isa = PBXFileReference; lastKnownFileType = wrapper.framework; name = Cocoa.framework; path = System/Library/Frameworks/Cocoa.framework; sourceTree = SDKROOT; };
		9688020A162A41E700309623 /* AppKit.framework */ = {isa = PBXFileReference; lastKnownFileType = wrapper.framework; name = AppKit.framework; path = System/Library/Frameworks/AppKit.framework; sourceTree = SDKROOT; };
		9688020B162A41E700309623 /* CoreData.framework */ = {isa = PBXFileReference; lastKnownFileType = wrapper.framework; name = CoreData.framework; path = System/Library/Frameworks/CoreData.framework; sourceTree = SDKROOT; };
		9688020C162A41E700309623 /* Foundation.framework */ = {isa = PBXFileReference; lastKnownFileType = wrapper.framework; name = Foundation.framework; path = System/Library/Frameworks/Foundation.framework; sourceTree = SDKROOT; };
		9688020F162A41E700309623 /* jslove-Info.plist */ = {isa = PBXFileReference; lastKnownFileType = text.plist.xml; name = "jslove-Info.plist"; path = "../rsrc/jslove-Info.plist"; sourceTree = "<group>"; };
		96880211162A41E700309623 /* en */ = {isa = PBXFileReference; lastKnownFileType = text.plist.strings; name = en; path = en.lproj/InfoPlist.strings; sourceTree = "<group>"; };
		96880215162A41E700309623 /* jslove-Prefix.pch */ = {isa = PBXFileReference; lastKnownFileType = sourcecode.c.h; path = "jslove-Prefix.pch"; sourceTree = "<group>"; };
		96880217162A41E700309623 /* en */ = {isa = PBXFileReference; lastKnownFileType = text.rtf; name = en; path = en.lproj/Credits.rtf; sourceTree = "<group>"; };
		9688021D162A41E700309623 /* en */ = {isa = PBXFileReference; lastKnownFileType = file.xib; name = en; path = en.lproj/MainMenu.xib; sourceTree = "<group>"; };
		96880230162A6EB600309623 /* boot.js */ = {isa = PBXFileReference; fileEncoding = 4; lastKnownFileType = sourcecode.javascript; path = boot.js; sourceTree = "<group>"; };
		9688042B162A8D5800309623 /* config.h */ = {isa = PBXFileReference; fileEncoding = 4; lastKnownFileType = sourcecode.c.h; path = config.h; sourceTree = "<group>"; };
		9688042D162A8D5800309623 /* delay.cpp */ = {isa = PBXFileReference; fileEncoding = 4; lastKnownFileType = sourcecode.cpp.cpp; path = delay.cpp; sourceTree = "<group>"; };
		9688042E162A8D5800309623 /* delay.h */ = {isa = PBXFileReference; fileEncoding = 4; lastKnownFileType = sourcecode.c.h; path = delay.h; sourceTree = "<group>"; };
		96880438162A8D5800309623 /* Module.h */ = {isa = PBXFileReference; fileEncoding = 4; lastKnownFileType = sourcecode.c.h; path = Module.h; sourceTree = "<group>"; };
		968805FA162A8D5800309623 /* Timer.cpp */ = {isa = PBXFileReference; fileEncoding = 4; lastKnownFileType = sourcecode.cpp.cpp; path = Timer.cpp; sourceTree = "<group>"; };
		968805FB162A8D5800309623 /* Timer.h */ = {isa = PBXFileReference; fileEncoding = 4; lastKnownFileType = sourcecode.c.h; path = Timer.h; sourceTree = "<group>"; };
		968805FC162A8D5800309623 /* Timer.h */ = {isa = PBXFileReference; fileEncoding = 4; lastKnownFileType = sourcecode.c.h; path = Timer.h; sourceTree = "<group>"; };
		968806D5162A8E0200309623 /* Exception.cpp */ = {isa = PBXFileReference; fileEncoding = 4; lastKnownFileType = sourcecode.cpp.cpp; path = Exception.cpp; sourceTree = "<group>"; };
		968806D6162A8E0200309623 /* Exception.h */ = {isa = PBXFileReference; fileEncoding = 4; lastKnownFileType = sourcecode.c.h; path = Exception.h; sourceTree = "<group>"; };
		968806D7162A8E0200309623 /* Object.cpp */ = {isa = PBXFileReference; fileEncoding = 4; lastKnownFileType = sourcecode.cpp.cpp; path = Object.cpp; sourceTree = "<group>"; };
		968806D8162A8E0200309623 /* Object.h */ = {isa = PBXFileReference; fileEncoding = 4; lastKnownFileType = sourcecode.c.h; path = Object.h; sourceTree = "<group>"; };
		968806DB162AAE3200309623 /* JavaScriptCore.framework */ = {isa = PBXFileReference; lastKnownFileType = wrapper.framework; name = JavaScriptCore.framework; path = System/Library/Frameworks/JavaScriptCore.framework; sourceTree = SDKROOT; };
		968806E0162AAF3100309623 /* jscimpl.cpp */ = {isa = PBXFileReference; fileEncoding = 4; lastKnownFileType = sourcecode.cpp.cpp; path = jscimpl.cpp; sourceTree = "<group>"; };
		968806E1162AAF3100309623 /* jscimpl.h */ = {isa = PBXFileReference; fileEncoding = 4; lastKnownFileType = sourcecode.c.h; path = jscimpl.h; sourceTree = "<group>"; };
		96880713162B6CF900309623 /* Love.icns */ = {isa = PBXFileReference; lastKnownFileType = image.icns; path = Love.icns; sourceTree = "<group>"; };
		96880714162B6CF900309623 /* LoveDocument.icns */ = {isa = PBXFileReference; lastKnownFileType = image.icns; path = LoveDocument.icns; sourceTree = "<group>"; };
		96880715162B6CF900309623 /* love-Info.plist */ = {isa = PBXFileReference; fileEncoding = 4; lastKnownFileType = text.plist.xml; path = "love-Info.plist"; sourceTree = "<group>"; };
		9688071D162B6CF900309623 /* SDLMain.h */ = {isa = PBXFileReference; fileEncoding = 4; lastKnownFileType = sourcecode.c.h; path = SDLMain.h; sourceTree = "<group>"; };
		9688071E162B6CF900309623 /* SDLMain.m */ = {isa = PBXFileReference; fileEncoding = 4; lastKnownFileType = sourcecode.c.objc; path = SDLMain.m; sourceTree = "<group>"; };
		9688076A162B6EDB00309623 /* main.mm */ = {isa = PBXFileReference; fileEncoding = 4; lastKnownFileType = sourcecode.cpp.objcpp; path = main.mm; sourceTree = "<group>"; };
		9688076C162B731500309623 /* Data.h */ = {isa = PBXFileReference; fileEncoding = 4; lastKnownFileType = sourcecode.c.h; path = Data.h; sourceTree = "<group>"; };
		9688076D162B731500309623 /* int.h */ = {isa = PBXFileReference; fileEncoding = 4; lastKnownFileType = sourcecode.c.h; path = int.h; sourceTree = "<group>"; };
		9688076E162B731500309623 /* StringMap.h */ = {isa = PBXFileReference; fileEncoding = 4; lastKnownFileType = sourcecode.c.h; path = StringMap.h; sourceTree = "<group>"; };
		96880772162B738300309623 /* File.cpp */ = {isa = PBXFileReference; fileEncoding = 4; lastKnownFileType = sourcecode.cpp.cpp; path = File.cpp; sourceTree = "<group>"; };
		96880773162B738300309623 /* File.h */ = {isa = PBXFileReference; fileEncoding = 4; lastKnownFileType = sourcecode.c.h; path = File.h; sourceTree = "<group>"; };
		96880774162B738300309623 /* FileData.cpp */ = {isa = PBXFileReference; fileEncoding = 4; lastKnownFileType = sourcecode.cpp.cpp; path = FileData.cpp; sourceTree = "<group>"; };
		96880775162B738300309623 /* FileData.h */ = {isa = PBXFileReference; fileEncoding = 4; lastKnownFileType = sourcecode.c.h; path = FileData.h; sourceTree = "<group>"; };
		96880777162B738300309623 /* File.cpp */ = {isa = PBXFileReference; fileEncoding = 4; lastKnownFileType = sourcecode.cpp.cpp; path = File.cpp; sourceTree = "<group>"; };
		96880778162B738300309623 /* File.h */ = {isa = PBXFileReference; fileEncoding = 4; lastKnownFileType = sourcecode.c.h; path = File.h; sourceTree = "<group>"; };
		96880779162B738300309623 /* Filesystem.cpp */ = {isa = PBXFileReference; fileEncoding = 4; lastKnownFileType = sourcecode.cpp.cpp; path = Filesystem.cpp; sourceTree = "<group>"; };
		9688077A162B738300309623 /* Filesystem.h */ = {isa = PBXFileReference; fileEncoding = 4; lastKnownFileType = sourcecode.c.h; path = Filesystem.h; sourceTree = "<group>"; };
		9688078A162B75D800309623 /* b64.cpp */ = {isa = PBXFileReference; fileEncoding = 4; lastKnownFileType = sourcecode.cpp.cpp; path = b64.cpp; sourceTree = "<group>"; };
		9688078B162B75D800309623 /* b64.h */ = {isa = PBXFileReference; fileEncoding = 4; lastKnownFileType = sourcecode.c.h; path = b64.h; sourceTree = "<group>"; };
		96880792162B88AC00309623 /* wrapFilesystem.cpp */ = {isa = PBXFileReference; fileEncoding = 4; lastKnownFileType = sourcecode.cpp.cpp; path = wrapFilesystem.cpp; sourceTree = "<group>"; };
		96880796162B88AC00309623 /* wrapTimer.cpp */ = {isa = PBXFileReference; fileEncoding = 4; lastKnownFileType = sourcecode.cpp.cpp; path = wrapTimer.cpp; sourceTree = "<group>"; };
		9688079D162B88BD00309623 /* nogame.js */ = {isa = PBXFileReference; fileEncoding = 4; lastKnownFileType = sourcecode.javascript; path = nogame.js; sourceTree = "<group>"; };
		9688079F162B88ED00309623 /* wrapGraphics.cpp */ = {isa = PBXFileReference; fileEncoding = 4; lastKnownFileType = sourcecode.cpp.cpp; path = wrapGraphics.cpp; sourceTree = "<group>"; };
		968807A2162B89D600309623 /* WrapUtils.h */ = {isa = PBXFileReference; fileEncoding = 4; lastKnownFileType = sourcecode.c.h; path = WrapUtils.h; sourceTree = "<group>"; };
		968807A3162B8FB200309623 /* WrapUtils.cpp */ = {isa = PBXFileReference; fileEncoding = 4; lastKnownFileType = sourcecode.cpp.cpp; path = WrapUtils.cpp; sourceTree = "<group>"; };
		968807AC162B942A00309623 /* Graphics.cpp */ = {isa = PBXFileReference; fileEncoding = 4; lastKnownFileType = sourcecode.cpp.cpp; path = Graphics.cpp; sourceTree = "<group>"; };
		968807AD162B942A00309623 /* Graphics.h */ = {isa = PBXFileReference; fileEncoding = 4; lastKnownFileType = sourcecode.c.h; path = Graphics.h; sourceTree = "<group>"; };
		968807BA162B942A00309623 /* Graphics.cpp */ = {isa = PBXFileReference; fileEncoding = 4; lastKnownFileType = sourcecode.cpp.cpp; path = Graphics.cpp; sourceTree = "<group>"; };
		968807BB162B942A00309623 /* Graphics.h */ = {isa = PBXFileReference; fileEncoding = 4; lastKnownFileType = sourcecode.c.h; path = Graphics.h; sourceTree = "<group>"; };
		968807FB162B96D700309623 /* OpenGL.framework */ = {isa = PBXFileReference; lastKnownFileType = wrapper.framework; name = OpenGL.framework; path = System/Library/Frameworks/OpenGL.framework; sourceTree = SDKROOT; };
		968807FD162B96FA00309623 /* GLee.c */ = {isa = PBXFileReference; fileEncoding = 4; lastKnownFileType = sourcecode.c.c; path = GLee.c; sourceTree = "<group>"; };
		968807FE162B96FA00309623 /* GLee.h */ = {isa = PBXFileReference; fileEncoding = 4; lastKnownFileType = sourcecode.c.h; path = GLee.h; sourceTree = "<group>"; };
		96880800162B970F00309623 /* Matrix.cpp */ = {isa = PBXFileReference; fileEncoding = 4; lastKnownFileType = sourcecode.cpp.cpp; path = Matrix.cpp; sourceTree = "<group>"; };
		96880801162B970F00309623 /* Matrix.h */ = {isa = PBXFileReference; fileEncoding = 4; lastKnownFileType = sourcecode.c.h; path = Matrix.h; sourceTree = "<group>"; };
		96880805162B972900309623 /* Window.cpp */ = {isa = PBXFileReference; fileEncoding = 4; lastKnownFileType = sourcecode.cpp.cpp; path = Window.cpp; sourceTree = "<group>"; };
		96880806162B972900309623 /* Window.h */ = {isa = PBXFileReference; fileEncoding = 4; lastKnownFileType = sourcecode.c.h; path = Window.h; sourceTree = "<group>"; };
		96880807162B972900309623 /* Window.cpp */ = {isa = PBXFileReference; fileEncoding = 4; lastKnownFileType = sourcecode.cpp.cpp; path = Window.cpp; sourceTree = "<group>"; };
		96880808162B972900309623 /* Window.h */ = {isa = PBXFileReference; fileEncoding = 4; lastKnownFileType = sourcecode.c.h; path = Window.h; sourceTree = "<group>"; };
		9688080B162B975900309623 /* Canvas.cpp */ = {isa = PBXFileReference; fileEncoding = 4; lastKnownFileType = sourcecode.cpp.cpp; path = Canvas.cpp; sourceTree = "<group>"; };
		9688080C162B975A00309623 /* Canvas.h */ = {isa = PBXFileReference; fileEncoding = 4; lastKnownFileType = sourcecode.c.h; path = Canvas.h; sourceTree = "<group>"; };
		9688080D162B975A00309623 /* Font.cpp */ = {isa = PBXFileReference; fileEncoding = 4; lastKnownFileType = sourcecode.cpp.cpp; path = Font.cpp; sourceTree = "<group>"; };
		9688080E162B975A00309623 /* Font.h */ = {isa = PBXFileReference; fileEncoding = 4; lastKnownFileType = sourcecode.c.h; path = Font.h; sourceTree = "<group>"; };
		9688080F162B975A00309623 /* Image.cpp */ = {isa = PBXFileReference; fileEncoding = 4; lastKnownFileType = sourcecode.cpp.cpp; path = Image.cpp; sourceTree = "<group>"; };
		96880810162B975A00309623 /* Image.h */ = {isa = PBXFileReference; fileEncoding = 4; lastKnownFileType = sourcecode.c.h; path = Image.h; sourceTree = "<group>"; };
		96880811162B975A00309623 /* OpenGL.cpp */ = {isa = PBXFileReference; fileEncoding = 4; lastKnownFileType = sourcecode.cpp.cpp; path = OpenGL.cpp; sourceTree = "<group>"; };
		96880812162B975A00309623 /* OpenGL.h */ = {isa = PBXFileReference; fileEncoding = 4; lastKnownFileType = sourcecode.c.h; path = OpenGL.h; sourceTree = "<group>"; };
		96880813162B975A00309623 /* ParticleSystem.cpp */ = {isa = PBXFileReference; fileEncoding = 4; lastKnownFileType = sourcecode.cpp.cpp; path = ParticleSystem.cpp; sourceTree = "<group>"; };
		96880814162B975A00309623 /* ParticleSystem.h */ = {isa = PBXFileReference; fileEncoding = 4; lastKnownFileType = sourcecode.c.h; path = ParticleSystem.h; sourceTree = "<group>"; };
		96880815162B975A00309623 /* PixelEffect.cpp */ = {isa = PBXFileReference; fileEncoding = 4; lastKnownFileType = sourcecode.cpp.cpp; path = PixelEffect.cpp; sourceTree = "<group>"; };
		96880816162B975A00309623 /* PixelEffect.h */ = {isa = PBXFileReference; fileEncoding = 4; lastKnownFileType = sourcecode.c.h; path = PixelEffect.h; sourceTree = "<group>"; };
		96880817162B975B00309623 /* Quad.cpp */ = {isa = PBXFileReference; fileEncoding = 4; lastKnownFileType = sourcecode.cpp.cpp; path = Quad.cpp; sourceTree = "<group>"; };
		96880818162B975B00309623 /* Quad.h */ = {isa = PBXFileReference; fileEncoding = 4; lastKnownFileType = sourcecode.c.h; path = Quad.h; sourceTree = "<group>"; };
		96880819162B975B00309623 /* SpriteBatch.cpp */ = {isa = PBXFileReference; fileEncoding = 4; lastKnownFileType = sourcecode.cpp.cpp; path = SpriteBatch.cpp; sourceTree = "<group>"; };
		9688081A162B975B00309623 /* SpriteBatch.h */ = {isa = PBXFileReference; fileEncoding = 4; lastKnownFileType = sourcecode.c.h; path = SpriteBatch.h; sourceTree = "<group>"; };
		9688081B162B975B00309623 /* VertexBuffer.cpp */ = {isa = PBXFileReference; fileEncoding = 4; lastKnownFileType = sourcecode.cpp.cpp; path = VertexBuffer.cpp; sourceTree = "<group>"; };
		9688081C162B975B00309623 /* VertexBuffer.h */ = {isa = PBXFileReference; fileEncoding = 4; lastKnownFileType = sourcecode.c.h; path = VertexBuffer.h; sourceTree = "<group>"; };
		96880826162B977600309623 /* Color.h */ = {isa = PBXFileReference; fileEncoding = 4; lastKnownFileType = sourcecode.c.h; path = Color.h; sourceTree = "<group>"; };
		96880827162B977600309623 /* Drawable.cpp */ = {isa = PBXFileReference; fileEncoding = 4; lastKnownFileType = sourcecode.cpp.cpp; path = Drawable.cpp; sourceTree = "<group>"; };
		96880828162B977600309623 /* Drawable.h */ = {isa = PBXFileReference; fileEncoding = 4; lastKnownFileType = sourcecode.c.h; path = Drawable.h; sourceTree = "<group>"; };
		96880829162B977600309623 /* DrawQable.cpp */ = {isa = PBXFileReference; fileEncoding = 4; lastKnownFileType = sourcecode.cpp.cpp; path = DrawQable.cpp; sourceTree = "<group>"; };
		9688082A162B977600309623 /* DrawQable.h */ = {isa = PBXFileReference; fileEncoding = 4; lastKnownFileType = sourcecode.c.h; path = DrawQable.h; sourceTree = "<group>"; };
		9688082B162B977600309623 /* Image.cpp */ = {isa = PBXFileReference; fileEncoding = 4; lastKnownFileType = sourcecode.cpp.cpp; path = Image.cpp; sourceTree = "<group>"; };
		9688082C162B977600309623 /* Image.h */ = {isa = PBXFileReference; fileEncoding = 4; lastKnownFileType = sourcecode.c.h; path = Image.h; sourceTree = "<group>"; };
		9688082D162B977600309623 /* Quad.cpp */ = {isa = PBXFileReference; fileEncoding = 4; lastKnownFileType = sourcecode.cpp.cpp; path = Quad.cpp; sourceTree = "<group>"; };
		9688082E162B977600309623 /* Quad.h */ = {isa = PBXFileReference; fileEncoding = 4; lastKnownFileType = sourcecode.c.h; path = Quad.h; sourceTree = "<group>"; };
		9688082F162B977600309623 /* Volatile.cpp */ = {isa = PBXFileReference; fileEncoding = 4; lastKnownFileType = sourcecode.cpp.cpp; path = Volatile.cpp; sourceTree = "<group>"; };
		96880830162B977600309623 /* Volatile.h */ = {isa = PBXFileReference; fileEncoding = 4; lastKnownFileType = sourcecode.c.h; path = Volatile.h; sourceTree = "<group>"; };
		96880837162B97BA00309623 /* Font.h */ = {isa = PBXFileReference; fileEncoding = 4; lastKnownFileType = sourcecode.c.h; path = Font.h; sourceTree = "<group>"; };
		96880839162B97BA00309623 /* Font.cpp */ = {isa = PBXFileReference; fileEncoding = 4; lastKnownFileType = sourcecode.cpp.cpp; path = Font.cpp; sourceTree = "<group>"; };
		9688083A162B97BA00309623 /* Font.h */ = {isa = PBXFileReference; fileEncoding = 4; lastKnownFileType = sourcecode.c.h; path = Font.h; sourceTree = "<group>"; };
		9688083B162B97BA00309623 /* TrueTypeRasterizer.cpp */ = {isa = PBXFileReference; fileEncoding = 4; lastKnownFileType = sourcecode.cpp.cpp; path = TrueTypeRasterizer.cpp; sourceTree = "<group>"; };
		9688083C162B97BA00309623 /* TrueTypeRasterizer.h */ = {isa = PBXFileReference; fileEncoding = 4; lastKnownFileType = sourcecode.c.h; path = TrueTypeRasterizer.h; sourceTree = "<group>"; };
		9688083F162B97BA00309623 /* GlyphData.cpp */ = {isa = PBXFileReference; fileEncoding = 4; lastKnownFileType = sourcecode.cpp.cpp; path = GlyphData.cpp; sourceTree = "<group>"; };
		96880840162B97BA00309623 /* GlyphData.h */ = {isa = PBXFileReference; fileEncoding = 4; lastKnownFileType = sourcecode.c.h; path = GlyphData.h; sourceTree = "<group>"; };
		96880841162B97BA00309623 /* ImageRasterizer.cpp */ = {isa = PBXFileReference; fileEncoding = 4; lastKnownFileType = sourcecode.cpp.cpp; path = ImageRasterizer.cpp; sourceTree = "<group>"; };
		96880842162B97BA00309623 /* ImageRasterizer.h */ = {isa = PBXFileReference; fileEncoding = 4; lastKnownFileType = sourcecode.c.h; path = ImageRasterizer.h; sourceTree = "<group>"; };
		96880843162B97BA00309623 /* Rasterizer.cpp */ = {isa = PBXFileReference; fileEncoding = 4; lastKnownFileType = sourcecode.cpp.cpp; path = Rasterizer.cpp; sourceTree = "<group>"; };
		96880844162B97BA00309623 /* Rasterizer.h */ = {isa = PBXFileReference; fileEncoding = 4; lastKnownFileType = sourcecode.c.h; path = Rasterizer.h; sourceTree = "<group>"; };
		96880853162BA08200309623 /* Image.cpp */ = {isa = PBXFileReference; fileEncoding = 4; lastKnownFileType = sourcecode.cpp.cpp; path = Image.cpp; sourceTree = "<group>"; };
		96880854162BA08200309623 /* Image.h */ = {isa = PBXFileReference; fileEncoding = 4; lastKnownFileType = sourcecode.c.h; path = Image.h; sourceTree = "<group>"; };
		96880855162BA08200309623 /* ImageData.cpp */ = {isa = PBXFileReference; fileEncoding = 4; lastKnownFileType = sourcecode.cpp.cpp; path = ImageData.cpp; sourceTree = "<group>"; };
		96880856162BA08200309623 /* ImageData.h */ = {isa = PBXFileReference; fileEncoding = 4; lastKnownFileType = sourcecode.c.h; path = ImageData.h; sourceTree = "<group>"; };
		96880857162BA08200309623 /* Image.h */ = {isa = PBXFileReference; fileEncoding = 4; lastKnownFileType = sourcecode.c.h; path = Image.h; sourceTree = "<group>"; };
		96880858162BA08200309623 /* ImageData.cpp */ = {isa = PBXFileReference; fileEncoding = 4; lastKnownFileType = sourcecode.cpp.cpp; path = ImageData.cpp; sourceTree = "<group>"; };
		96880859162BA08200309623 /* ImageData.h */ = {isa = PBXFileReference; fileEncoding = 4; lastKnownFileType = sourcecode.c.h; path = ImageData.h; sourceTree = "<group>"; };
		96880865162BA13000309623 /* threads.cpp */ = {isa = PBXFileReference; fileEncoding = 4; lastKnownFileType = sourcecode.cpp.cpp; path = threads.cpp; sourceTree = "<group>"; };
		96880866162BA13000309623 /* threads.h */ = {isa = PBXFileReference; fileEncoding = 4; lastKnownFileType = sourcecode.c.h; path = threads.h; sourceTree = "<group>"; };
		96880867162BA13000309623 /* Thread.cpp */ = {isa = PBXFileReference; fileEncoding = 4; lastKnownFileType = sourcecode.cpp.cpp; path = Thread.cpp; sourceTree = "<group>"; };
		96880868162BA13000309623 /* Thread.h */ = {isa = PBXFileReference; fileEncoding = 4; lastKnownFileType = sourcecode.c.h; path = Thread.h; sourceTree = "<group>"; };
		96880873162BA53000309623 /* wrapImage.cpp */ = {isa = PBXFileReference; fileEncoding = 4; lastKnownFileType = sourcecode.cpp.cpp; path = wrapImage.cpp; sourceTree = "<group>"; };
		96880877162BBE2D00309623 /* Event.cpp */ = {isa = PBXFileReference; fileEncoding = 4; lastKnownFileType = sourcecode.cpp.cpp; path = Event.cpp; sourceTree = "<group>"; };
		96880878162BBE2D00309623 /* Event.h */ = {isa = PBXFileReference; fileEncoding = 4; lastKnownFileType = sourcecode.c.h; path = Event.h; sourceTree = "<group>"; };
		9688087A162BBE2D00309623 /* Event.cpp */ = {isa = PBXFileReference; fileEncoding = 4; lastKnownFileType = sourcecode.cpp.cpp; path = Event.cpp; sourceTree = "<group>"; };
		9688087B162BBE2D00309623 /* Event.h */ = {isa = PBXFileReference; fileEncoding = 4; lastKnownFileType = sourcecode.c.h; path = Event.h; sourceTree = "<group>"; };
		96880881162BDD2B00309623 /* Variant.h */ = {isa = PBXFileReference; fileEncoding = 4; lastKnownFileType = sourcecode.c.h; path = Variant.h; sourceTree = "<group>"; };
		96880882162BDD2B00309623 /* Vector.cpp */ = {isa = PBXFileReference; fileEncoding = 4; lastKnownFileType = sourcecode.cpp.cpp; path = Vector.cpp; sourceTree = "<group>"; };
		96880884162BDD3D00309623 /* Variant.cpp */ = {isa = PBXFileReference; fileEncoding = 4; lastKnownFileType = sourcecode.cpp.cpp; path = Variant.cpp; sourceTree = "<group>"; };
		96880886162BDD4700309623 /* Vector.h */ = {isa = PBXFileReference; fileEncoding = 4; lastKnownFileType = sourcecode.c.h; path = Vector.h; sourceTree = "<group>"; };
/* End PBXFileReference section */

/* Begin PBXFrameworksBuildPhase section */
		96880200162A41E700309623 /* Frameworks */ = {
			isa = PBXFrameworksBuildPhase;
			buildActionMask = 2147483647;
			files = (
				968807FC162B96D700309623 /* OpenGL.framework in Frameworks */,
				968806DC162AAE3200309623 /* JavaScriptCore.framework in Frameworks */,
				96880208162A41E700309623 /* Cocoa.framework in Frameworks */,
			);
			runOnlyForDeploymentPostprocessing = 0;
		};
/* End PBXFrameworksBuildPhase section */

/* Begin PBXGroup section */
		9618D4AB163BC2B800AFD8A9 /* event */ = {
			isa = PBXGroup;
			children = (
				9618D4AD163BC2B800AFD8A9 /* wrapEvent.cpp */,
			);
			path = event;
			sourceTree = "<group>";
		};
		967D705D1679C1B4004EF127 /* keyboard */ = {
			isa = PBXGroup;
			children = (
				967D705E1679C1DC004EF127 /* wrapKeyboard.cpp */,
			);
			path = keyboard;
			sourceTree = "<group>";
		};
		967D70601679C503004EF127 /* keyboard */ = {
			isa = PBXGroup;
			children = (
				967D70631679C503004EF127 /* Keyboard.cpp */,
				967D70641679C503004EF127 /* Keyboard.h */,
				967D70651679C503004EF127 /* sdl */,
			);
			path = keyboard;
			sourceTree = "<group>";
		};
		967D70651679C503004EF127 /* sdl */ = {
			isa = PBXGroup;
			children = (
				967D70671679C503004EF127 /* Keyboard.cpp */,
				967D70681679C503004EF127 /* Keyboard.h */,
			);
			path = sdl;
			sourceTree = "<group>";
		};
		968801F8162A41E700309623 = {
			isa = PBXGroup;
			children = (
				9688020D162A41E700309623 /* Source */,
				96880427162A8D5800309623 /* Love */,
				96880206162A41E700309623 /* Frameworks */,
				96880204162A41E700309623 /* Products */,
			);
			sourceTree = "<group>";
		};
		96880204162A41E700309623 /* Products */ = {
			isa = PBXGroup;
			children = (
				96880203162A41E700309623 /* jslove.app */,
			);
			name = Products;
			sourceTree = "<group>";
		};
		96880206162A41E700309623 /* Frameworks */ = {
			isa = PBXGroup;
			children = (
				96880207162A41E700309623 /* Cocoa.framework */,
				968806DB162AAE3200309623 /* JavaScriptCore.framework */,
				968807FB162B96D700309623 /* OpenGL.framework */,
				96880209162A41E700309623 /* Other Frameworks */,
			);
			name = Frameworks;
			sourceTree = "<group>";
		};
		96880209162A41E700309623 /* Other Frameworks */ = {
			isa = PBXGroup;
			children = (
				9688020A162A41E700309623 /* AppKit.framework */,
				9688020B162A41E700309623 /* CoreData.framework */,
				9688020C162A41E700309623 /* Foundation.framework */,
			);
			name = "Other Frameworks";
			sourceTree = "<group>";
		};
		9688020D162A41E700309623 /* Source */ = {
			isa = PBXGroup;
			children = (
				9688076A162B6EDB00309623 /* main.mm */,
				968806E0162AAF3100309623 /* jscimpl.cpp */,
				968806E1162AAF3100309623 /* jscimpl.h */,
				9618D4B4163FA3C300AFD8A9 /* JSLPrivateAccess.cpp */,
				9618D4B5163FA3C300AFD8A9 /* JSLPrivateAccess.h */,
				968807A3162B8FB200309623 /* WrapUtils.cpp */,
				968807A2162B89D600309623 /* WrapUtils.h */,
				96880790162B88AC00309623 /* Module wrappers */,
				96880232162A6ED200309623 /* Scripts */,
				9688020E162A41E700309623 /* Supporting Files */,
			);
			name = Source;
			path = src;
			sourceTree = "<group>";
		};
		9688020E162A41E700309623 /* Supporting Files */ = {
			isa = PBXGroup;
			children = (
				9688021C162A41E700309623 /* MainMenu.xib */,
				9688020F162A41E700309623 /* jslove-Info.plist */,
				96880210162A41E700309623 /* InfoPlist.strings */,
				96880215162A41E700309623 /* jslove-Prefix.pch */,
				96880216162A41E700309623 /* Credits.rtf */,
			);
			name = "Supporting Files";
			sourceTree = "<group>";
		};
		96880232162A6ED200309623 /* Scripts */ = {
			isa = PBXGroup;
			children = (
				9688079D162B88BD00309623 /* nogame.js */,
				96880230162A6EB600309623 /* boot.js */,
			);
			name = Scripts;
			sourceTree = "<group>";
		};
		96880427162A8D5800309623 /* Love */ = {
			isa = PBXGroup;
			children = (
				96880428162A8D5800309623 /* common */,
				968804E0162A8D5800309623 /* modules */,
				968806E6162B6CF900309623 /* platform */,
			);
			name = Love;
			path = love/src;
			sourceTree = "<group>";
		};
		96880428162A8D5800309623 /* common */ = {
			isa = PBXGroup;
			children = (
				9688078A162B75D800309623 /* b64.cpp */,
				9688078B162B75D800309623 /* b64.h */,
				9688042B162A8D5800309623 /* config.h */,
				9688076C162B731500309623 /* Data.h */,
				9688042D162A8D5800309623 /* delay.cpp */,
				9688042E162A8D5800309623 /* delay.h */,
				968806D5162A8E0200309623 /* Exception.cpp */,
				968806D6162A8E0200309623 /* Exception.h */,
				9688076D162B731500309623 /* int.h */,
				96880800162B970F00309623 /* Matrix.cpp */,
				96880801162B970F00309623 /* Matrix.h */,
				96880438162A8D5800309623 /* Module.h */,
				968806D7162A8E0200309623 /* Object.cpp */,
				968806D8162A8E0200309623 /* Object.h */,
				9688076E162B731500309623 /* StringMap.h */,
				96880884162BDD3D00309623 /* Variant.cpp */,
				96880881162BDD2B00309623 /* Variant.h */,
				96880882162BDD2B00309623 /* Vector.cpp */,
				96880886162BDD4700309623 /* Vector.h */,
			);
			path = common;
			sourceTree = "<group>";
		};
		968804E0162A8D5800309623 /* modules */ = {
			isa = PBXGroup;
			children = (
				96880876162BBE2C00309623 /* event */,
				96880851162BA08100309623 /* image */,
				967D70601679C503004EF127 /* keyboard */,
				9688076F162B738300309623 /* filesystem */,
				96880836162B97BA00309623 /* font */,
				968807A5162B942A00309623 /* graphics */,
				96880863162BA13000309623 /* thread */,
				968805F8162A8D5800309623 /* timer */,
				96880803162B972800309623 /* window */,
			);
			path = modules;
			sourceTree = "<group>";
		};
		968805F8162A8D5800309623 /* timer */ = {
			isa = PBXGroup;
			children = (
				968805F9162A8D5800309623 /* sdl */,
				968805FC162A8D5800309623 /* Timer.h */,
			);
			path = timer;
			sourceTree = "<group>";
		};
		968805F9162A8D5800309623 /* sdl */ = {
			isa = PBXGroup;
			children = (
				968805FA162A8D5800309623 /* Timer.cpp */,
				968805FB162A8D5800309623 /* Timer.h */,
			);
			path = sdl;
			sourceTree = "<group>";
		};
		968806E6162B6CF900309623 /* platform */ = {
			isa = PBXGroup;
			children = (
				968806E7162B6CF900309623 /* macosx */,
			);
			name = platform;
			path = love/platform;
			sourceTree = SOURCE_ROOT;
		};
		968806E7162B6CF900309623 /* macosx */ = {
			isa = PBXGroup;
			children = (
				96880712162B6CF900309623 /* icons */,
				96880715162B6CF900309623 /* love-Info.plist */,
				9688071D162B6CF900309623 /* SDLMain.h */,
				9688071E162B6CF900309623 /* SDLMain.m */,
			);
			path = macosx;
			sourceTree = "<group>";
		};
		96880712162B6CF900309623 /* icons */ = {
			isa = PBXGroup;
			children = (
				96880713162B6CF900309623 /* Love.icns */,
				96880714162B6CF900309623 /* LoveDocument.icns */,
			);
			path = icons;
			sourceTree = "<group>";
		};
		9688076F162B738300309623 /* filesystem */ = {
			isa = PBXGroup;
			children = (
				96880776162B738300309623 /* physfs */,
				96880772162B738300309623 /* File.cpp */,
				96880773162B738300309623 /* File.h */,
				96880774162B738300309623 /* FileData.cpp */,
				96880775162B738300309623 /* FileData.h */,
			);
			path = filesystem;
			sourceTree = "<group>";
		};
		96880776162B738300309623 /* physfs */ = {
			isa = PBXGroup;
			children = (
				96880777162B738300309623 /* File.cpp */,
				96880778162B738300309623 /* File.h */,
				96880779162B738300309623 /* Filesystem.cpp */,
				9688077A162B738300309623 /* Filesystem.h */,
			);
			path = physfs;
			sourceTree = "<group>";
		};
		96880790162B88AC00309623 /* Module wrappers */ = {
			isa = PBXGroup;
			children = (
				9618D4AB163BC2B800AFD8A9 /* event */,
				96880871162BA53000309623 /* image */,
				967D705D1679C1B4004EF127 /* keyboard */,
				96880791162B88AC00309623 /* filesystem */,
				96880794162B88AC00309623 /* graphics */,
				96880795162B88AC00309623 /* timer */,
			);
			name = "Module wrappers";
			path = modules;
			sourceTree = "<group>";
		};
		96880791162B88AC00309623 /* filesystem */ = {
			isa = PBXGroup;
			children = (
				96880792162B88AC00309623 /* wrapFilesystem.cpp */,
			);
			path = filesystem;
			sourceTree = "<group>";
		};
		96880794162B88AC00309623 /* graphics */ = {
			isa = PBXGroup;
			children = (
				9688079F162B88ED00309623 /* wrapGraphics.cpp */,
				967D705816788194004EF127 /* wrapGraphics_Image.cpp */,
				967D705B1678850C004EF127 /* wrapGraphics_Quad.cpp */,
			);
			path = graphics;
			sourceTree = "<group>";
		};
		96880795162B88AC00309623 /* timer */ = {
			isa = PBXGroup;
			children = (
				96880796162B88AC00309623 /* wrapTimer.cpp */,
			);
			path = timer;
			sourceTree = "<group>";
		};
		968807A5162B942A00309623 /* graphics */ = {
			isa = PBXGroup;
			children = (
				968807B0162B942A00309623 /* opengl */,
				96880826162B977600309623 /* Color.h */,
				96880827162B977600309623 /* Drawable.cpp */,
				96880828162B977600309623 /* Drawable.h */,
				96880829162B977600309623 /* DrawQable.cpp */,
				9688082A162B977600309623 /* DrawQable.h */,
				968807AC162B942A00309623 /* Graphics.cpp */,
				968807AD162B942A00309623 /* Graphics.h */,
				9688082B162B977600309623 /* Image.cpp */,
				9688082C162B977600309623 /* Image.h */,
				9688082D162B977600309623 /* Quad.cpp */,
				9688082E162B977600309623 /* Quad.h */,
				9688082F162B977600309623 /* Volatile.cpp */,
				96880830162B977600309623 /* Volatile.h */,
			);
			path = graphics;
			sourceTree = "<group>";
		};
		968807B0162B942A00309623 /* opengl */ = {
			isa = PBXGroup;
			children = (
				9688080B162B975900309623 /* Canvas.cpp */,
				9688080C162B975A00309623 /* Canvas.h */,
				9688080D162B975A00309623 /* Font.cpp */,
				9688080E162B975A00309623 /* Font.h */,
				968807FD162B96FA00309623 /* GLee.c */,
				968807FE162B96FA00309623 /* GLee.h */,
				968807BA162B942A00309623 /* Graphics.cpp */,
				968807BB162B942A00309623 /* Graphics.h */,
				9688080F162B975A00309623 /* Image.cpp */,
				96880810162B975A00309623 /* Image.h */,
				96880811162B975A00309623 /* OpenGL.cpp */,
				96880812162B975A00309623 /* OpenGL.h */,
				96880813162B975A00309623 /* ParticleSystem.cpp */,
				96880814162B975A00309623 /* ParticleSystem.h */,
				96880815162B975A00309623 /* PixelEffect.cpp */,
				96880816162B975A00309623 /* PixelEffect.h */,
				96880817162B975B00309623 /* Quad.cpp */,
				96880818162B975B00309623 /* Quad.h */,
				96880819162B975B00309623 /* SpriteBatch.cpp */,
				9688081A162B975B00309623 /* SpriteBatch.h */,
				9688081B162B975B00309623 /* VertexBuffer.cpp */,
				9688081C162B975B00309623 /* VertexBuffer.h */,
			);
			path = opengl;
			sourceTree = "<group>";
		};
		96880803162B972800309623 /* window */ = {
			isa = PBXGroup;
			children = (
				96880804162B972900309623 /* sdl */,
				96880807162B972900309623 /* Window.cpp */,
				96880808162B972900309623 /* Window.h */,
			);
			path = window;
			sourceTree = "<group>";
		};
		96880804162B972900309623 /* sdl */ = {
			isa = PBXGroup;
			children = (
				96880805162B972900309623 /* Window.cpp */,
				96880806162B972900309623 /* Window.h */,
			);
			path = sdl;
			sourceTree = "<group>";
		};
		96880836162B97BA00309623 /* font */ = {
			isa = PBXGroup;
			children = (
				96880838162B97BA00309623 /* freetype */,
				96880837162B97BA00309623 /* Font.h */,
				9688083F162B97BA00309623 /* GlyphData.cpp */,
				96880840162B97BA00309623 /* GlyphData.h */,
				96880841162B97BA00309623 /* ImageRasterizer.cpp */,
				96880842162B97BA00309623 /* ImageRasterizer.h */,
				96880843162B97BA00309623 /* Rasterizer.cpp */,
				96880844162B97BA00309623 /* Rasterizer.h */,
			);
			path = font;
			sourceTree = "<group>";
		};
		96880838162B97BA00309623 /* freetype */ = {
			isa = PBXGroup;
			children = (
				96880839162B97BA00309623 /* Font.cpp */,
				9688083A162B97BA00309623 /* Font.h */,
				9688083B162B97BA00309623 /* TrueTypeRasterizer.cpp */,
				9688083C162B97BA00309623 /* TrueTypeRasterizer.h */,
			);
			path = freetype;
			sourceTree = "<group>";
		};
		96880851162BA08100309623 /* image */ = {
			isa = PBXGroup;
			children = (
				96880852162BA08200309623 /* devil */,
				96880857162BA08200309623 /* Image.h */,
				96880858162BA08200309623 /* ImageData.cpp */,
				96880859162BA08200309623 /* ImageData.h */,
			);
			path = image;
			sourceTree = "<group>";
		};
		96880852162BA08200309623 /* devil */ = {
			isa = PBXGroup;
			children = (
				96880853162BA08200309623 /* Image.cpp */,
				96880854162BA08200309623 /* Image.h */,
				96880855162BA08200309623 /* ImageData.cpp */,
				96880856162BA08200309623 /* ImageData.h */,
			);
			path = devil;
			sourceTree = "<group>";
		};
		96880863162BA13000309623 /* thread */ = {
			isa = PBXGroup;
			children = (
				96880864162BA13000309623 /* sdl */,
				96880867162BA13000309623 /* Thread.cpp */,
				96880868162BA13000309623 /* Thread.h */,
			);
			path = thread;
			sourceTree = "<group>";
		};
		96880864162BA13000309623 /* sdl */ = {
			isa = PBXGroup;
			children = (
				96880865162BA13000309623 /* threads.cpp */,
				96880866162BA13000309623 /* threads.h */,
			);
			path = sdl;
			sourceTree = "<group>";
		};
		96880871162BA53000309623 /* image */ = {
			isa = PBXGroup;
			children = (
				96880873162BA53000309623 /* wrapImage.cpp */,
			);
			path = image;
			sourceTree = "<group>";
		};
		96880876162BBE2C00309623 /* event */ = {
			isa = PBXGroup;
			children = (
				96880879162BBE2D00309623 /* sdl */,
				96880877162BBE2D00309623 /* Event.cpp */,
				96880878162BBE2D00309623 /* Event.h */,
			);
			path = event;
			sourceTree = "<group>";
		};
		96880879162BBE2D00309623 /* sdl */ = {
			isa = PBXGroup;
			children = (
				9688087A162BBE2D00309623 /* Event.cpp */,
				9688087B162BBE2D00309623 /* Event.h */,
			);
			path = sdl;
			sourceTree = "<group>";
		};
/* End PBXGroup section */

/* Begin PBXNativeTarget section */
		96880202162A41E700309623 /* jslove */ = {
			isa = PBXNativeTarget;
			buildConfigurationList = 96880221162A41E700309623 /* Build configuration list for PBXNativeTarget "jslove" */;
			buildPhases = (
				968801FF162A41E700309623 /* Sources */,
				96880200162A41E700309623 /* Frameworks */,
				96880201162A41E700309623 /* Resources */,
			);
			buildRules = (
			);
			dependencies = (
			);
			name = jslove;
			productName = jslove;
			productReference = 96880203162A41E700309623 /* jslove.app */;
			productType = "com.apple.product-type.application";
		};
/* End PBXNativeTarget section */

/* Begin PBXProject section */
		968801FA162A41E700309623 /* Project object */ = {
			isa = PBXProject;
			attributes = {
				CLASSPREFIX = JSL;
				LastUpgradeCheck = 0450;
				ORGANIZATIONNAME = "Duty Cycle";
			};
			buildConfigurationList = 968801FD162A41E700309623 /* Build configuration list for PBXProject "jslove" */;
			compatibilityVersion = "Xcode 3.2";
			developmentRegion = English;
			hasScannedForEncodings = 0;
			knownRegions = (
				en,
			);
			mainGroup = 968801F8162A41E700309623;
			productRefGroup = 96880204162A41E700309623 /* Products */;
			projectDirPath = "";
			projectRoot = "";
			targets = (
				96880202162A41E700309623 /* jslove */,
			);
		};
/* End PBXProject section */

/* Begin PBXResourcesBuildPhase section */
		96880201162A41E700309623 /* Resources */ = {
			isa = PBXResourcesBuildPhase;
			buildActionMask = 2147483647;
			files = (
				9688079E162B88BD00309623 /* nogame.js in Resources */,
				96880231162A6EB600309623 /* boot.js in Resources */,
				96880212162A41E700309623 /* InfoPlist.strings in Resources */,
				96880218162A41E700309623 /* Credits.rtf in Resources */,
				9688021E162A41E700309623 /* MainMenu.xib in Resources */,
				9688074E162B6CF900309623 /* Love.icns in Resources */,
				9688074F162B6CF900309623 /* LoveDocument.icns in Resources */,
				96880750162B6CF900309623 /* love-Info.plist in Resources */,
			);
			runOnlyForDeploymentPostprocessing = 0;
		};
/* End PBXResourcesBuildPhase section */

/* Begin PBXSourcesBuildPhase section */
		968801FF162A41E700309623 /* Sources */ = {
			isa = PBXSourcesBuildPhase;
			buildActionMask = 2147483647;
			files = (
				9688060A162A8D5800309623 /* delay.cpp in Sources */,
				968806D1162A8D5800309623 /* Timer.cpp in Sources */,
				968806D9162A8E0200309623 /* Exception.cpp in Sources */,
				968806DA162A8E0200309623 /* Object.cpp in Sources */,
				968806E2162AAF3100309623 /* jscimpl.cpp in Sources */,
				96880754162B6CF900309623 /* SDLMain.m in Sources */,
				9688076B162B6EDB00309623 /* main.mm in Sources */,
				96880783162B738300309623 /* File.cpp in Sources */,
				96880784162B738300309623 /* FileData.cpp in Sources */,
				96880785162B738300309623 /* File.cpp in Sources */,
				96880786162B738300309623 /* Filesystem.cpp in Sources */,
				9688078C162B75D800309623 /* b64.cpp in Sources */,
				9688079A162B88AC00309623 /* wrapFilesystem.cpp in Sources */,
				9688079B162B88AC00309623 /* wrapTimer.cpp in Sources */,
				968807A1162B88ED00309623 /* wrapGraphics.cpp in Sources */,
				968807A4162B8FB200309623 /* WrapUtils.cpp in Sources */,
				968807E1162B942A00309623 /* Graphics.cpp in Sources */,
				968807E9162B942A00309623 /* Graphics.cpp in Sources */,
				968807FF162B96FA00309623 /* GLee.c in Sources */,
				96880802162B970F00309623 /* Matrix.cpp in Sources */,
				96880809162B972900309623 /* Window.cpp in Sources */,
				9688080A162B972900309623 /* Window.cpp in Sources */,
				9688081D162B975B00309623 /* Canvas.cpp in Sources */,
				9688081E162B975B00309623 /* Font.cpp in Sources */,
				9688081F162B975B00309623 /* Image.cpp in Sources */,
				96880820162B975B00309623 /* OpenGL.cpp in Sources */,
				96880821162B975B00309623 /* ParticleSystem.cpp in Sources */,
				96880822162B975B00309623 /* PixelEffect.cpp in Sources */,
				96880823162B975B00309623 /* Quad.cpp in Sources */,
				96880824162B975B00309623 /* SpriteBatch.cpp in Sources */,
				96880825162B975B00309623 /* VertexBuffer.cpp in Sources */,
				96880831162B977700309623 /* Drawable.cpp in Sources */,
				96880832162B977700309623 /* DrawQable.cpp in Sources */,
				96880833162B977700309623 /* Image.cpp in Sources */,
				96880834162B977700309623 /* Quad.cpp in Sources */,
				96880835162B977700309623 /* Volatile.cpp in Sources */,
				96880849162B97BA00309623 /* Font.cpp in Sources */,
				9688084A162B97BA00309623 /* TrueTypeRasterizer.cpp in Sources */,
				9688084C162B97BA00309623 /* GlyphData.cpp in Sources */,
				9688084D162B97BA00309623 /* ImageRasterizer.cpp in Sources */,
				9688084E162B97BA00309623 /* Rasterizer.cpp in Sources */,
				9688085E162BA08200309623 /* Image.cpp in Sources */,
				9688085F162BA08200309623 /* ImageData.cpp in Sources */,
				96880860162BA08200309623 /* ImageData.cpp in Sources */,
				9688086D162BA13000309623 /* threads.cpp in Sources */,
				9688086E162BA13000309623 /* Thread.cpp in Sources */,
				96880875162BA53000309623 /* wrapImage.cpp in Sources */,
				9688087E162BBE2D00309623 /* Event.cpp in Sources */,
				9688087F162BBE2D00309623 /* Event.cpp in Sources */,
				96880883162BDD2B00309623 /* Vector.cpp in Sources */,
				96880885162BDD3D00309623 /* Variant.cpp in Sources */,
				9618D4AF163BC2B800AFD8A9 /* wrapEvent.cpp in Sources */,
				9618D4B6163FA3C300AFD8A9 /* JSLPrivateAccess.cpp in Sources */,
				967D705916788194004EF127 /* wrapGraphics_Image.cpp in Sources */,
				967D705C1678850C004EF127 /* wrapGraphics_Quad.cpp in Sources */,
				967D705F1679C1DC004EF127 /* wrapKeyboard.cpp in Sources */,
				967D706D1679C503004EF127 /* Keyboard.cpp in Sources */,
				967D706F1679C503004EF127 /* Keyboard.cpp in Sources */,
			);
			runOnlyForDeploymentPostprocessing = 0;
		};
/* End PBXSourcesBuildPhase section */

/* Begin PBXVariantGroup section */
		96880210162A41E700309623 /* InfoPlist.strings */ = {
			isa = PBXVariantGroup;
			children = (
				96880211162A41E700309623 /* en */,
			);
			name = InfoPlist.strings;
			path = ../rsrc;
			sourceTree = "<group>";
		};
		96880216162A41E700309623 /* Credits.rtf */ = {
			isa = PBXVariantGroup;
			children = (
				96880217162A41E700309623 /* en */,
			);
			name = Credits.rtf;
			path = ../rsrc;
			sourceTree = "<group>";
		};
		9688021C162A41E700309623 /* MainMenu.xib */ = {
			isa = PBXVariantGroup;
			children = (
				9688021D162A41E700309623 /* en */,
			);
			name = MainMenu.xib;
			path = ../rsrc;
			sourceTree = "<group>";
		};
/* End PBXVariantGroup section */

/* Begin XCBuildConfiguration section */
		9688021F162A41E700309623 /* Debug */ = {
			isa = XCBuildConfiguration;
			buildSettings = {
				ALWAYS_SEARCH_USER_PATHS = NO;
				ARCHS = "$(ARCHS_STANDARD_64_BIT)";
				CLANG_CXX_LANGUAGE_STANDARD = "gnu++0x";
				CLANG_CXX_LIBRARY = "libc++";
				CLANG_ENABLE_OBJC_ARC = YES;
				CLANG_WARN_EMPTY_BODY = YES;
				CLANG_WARN__DUPLICATE_METHOD_MATCH = YES;
				COPY_PHASE_STRIP = NO;
				GCC_C_LANGUAGE_STANDARD = gnu99;
				GCC_DYNAMIC_NO_PIC = NO;
				GCC_ENABLE_OBJC_EXCEPTIONS = YES;
				GCC_OPTIMIZATION_LEVEL = 0;
				GCC_PREPROCESSOR_DEFINITIONS = (
					"DEBUG=1",
					"$(inherited)",
				);
				GCC_SYMBOLS_PRIVATE_EXTERN = NO;
				GCC_WARN_64_TO_32_BIT_CONVERSION = YES;
				GCC_WARN_ABOUT_RETURN_TYPE = YES;
				GCC_WARN_UNINITIALIZED_AUTOS = YES;
				GCC_WARN_UNUSED_VARIABLE = YES;
				MACOSX_DEPLOYMENT_TARGET = 10.7;
				ONLY_ACTIVE_ARCH = YES;
				SDKROOT = macosx;
			};
			name = Debug;
		};
		96880220162A41E700309623 /* Release */ = {
			isa = XCBuildConfiguration;
			buildSettings = {
				ALWAYS_SEARCH_USER_PATHS = NO;
				ARCHS = "$(ARCHS_STANDARD_64_BIT)";
				CLANG_CXX_LANGUAGE_STANDARD = "gnu++0x";
				CLANG_CXX_LIBRARY = "libc++";
				CLANG_ENABLE_OBJC_ARC = YES;
				CLANG_WARN_EMPTY_BODY = YES;
				CLANG_WARN__DUPLICATE_METHOD_MATCH = YES;
				COPY_PHASE_STRIP = YES;
				DEBUG_INFORMATION_FORMAT = "dwarf-with-dsym";
				GCC_C_LANGUAGE_STANDARD = gnu99;
				GCC_ENABLE_OBJC_EXCEPTIONS = YES;
				GCC_WARN_64_TO_32_BIT_CONVERSION = YES;
				GCC_WARN_ABOUT_RETURN_TYPE = YES;
				GCC_WARN_UNINITIALIZED_AUTOS = YES;
				GCC_WARN_UNUSED_VARIABLE = YES;
				MACOSX_DEPLOYMENT_TARGET = 10.7;
				SDKROOT = macosx;
			};
			name = Release;
		};
		96880222162A41E700309623 /* Debug */ = {
			isa = XCBuildConfiguration;
			buildSettings = {
				CLANG_ENABLE_OBJC_ARC = NO;
				COMBINE_HIDPI_IMAGES = YES;
				GCC_PRECOMPILE_PREFIX_HEADER = YES;
				GCC_PREFIX_HEADER = "src/jslove-Prefix.pch";
				GCC_WARN_64_TO_32_BIT_CONVERSION = NO;
				HEADER_SEARCH_PATHS = (
					"$(PROJECT_DIR)/love/src/",
					"$(PROJECT_DIR)/love/src/modules",
					/usr/local/include,
					/usr/local/include/SDL,
					/usr/local/opt/freetype/include,
					/usr/local/opt/freetype/include/freetype2,
				);
				INFOPLIST_FILE = "rsrc/jslove-Info.plist";
				LIBRARY_SEARCH_PATHS = (
					"$(inherited)",
					/usr/local/lib,
					/usr/local/opt/freetype/lib,
				);
				OTHER_CFLAGS = "-DJSLOVE";
				OTHER_LDFLAGS = (
					"-lSDL",
					"-lphysfs",
					"-lfreetype",
					"-lIL",
				);
				PRODUCT_NAME = "$(TARGET_NAME)";
				WRAPPER_EXTENSION = app;
			};
			name = Debug;
		};
		96880223162A41E700309623 /* Release */ = {
			isa = XCBuildConfiguration;
			buildSettings = {
				CLANG_ENABLE_OBJC_ARC = NO;
				COMBINE_HIDPI_IMAGES = YES;
				GCC_PRECOMPILE_PREFIX_HEADER = YES;
				GCC_PREFIX_HEADER = "src/jslove-Prefix.pch";
				GCC_WARN_64_TO_32_BIT_CONVERSION = NO;
				HEADER_SEARCH_PATHS = (
					"$(PROJECT_DIR)/love/src/",
					"$(PROJECT_DIR)/love/src/modules",
					/usr/local/include,
					/usr/local/include/SDL,
					/usr/local/opt/freetype/include,
					/usr/local/opt/freetype/include/freetype2,
				);
				INFOPLIST_FILE = "rsrc/jslove-Info.plist";
				LIBRARY_SEARCH_PATHS = (
					"$(inherited)",
					/usr/local/lib,
					/usr/local/opt/freetype/lib,
				);
				OTHER_CFLAGS = "-DJSLOVE";
				OTHER_LDFLAGS = (
					"-lSDL",
					"-lphysfs",
					"-lfreetype",
					"-lIL",
				);
				PRODUCT_NAME = "$(TARGET_NAME)";
				WRAPPER_EXTENSION = app;
			};
			name = Release;
		};
/* End XCBuildConfiguration section */

/* Begin XCConfigurationList section */
		968801FD162A41E700309623 /* Build configuration list for PBXProject "jslove" */ = {
			isa = XCConfigurationList;
			buildConfigurations = (
				9688021F162A41E700309623 /* Debug */,
				96880220162A41E700309623 /* Release */,
			);
			defaultConfigurationIsVisible = 0;
			defaultConfigurationName = Release;
		};
		96880221162A41E700309623 /* Build configuration list for PBXNativeTarget "jslove" */ = {
			isa = XCConfigurationList;
			buildConfigurations = (
				96880222162A41E700309623 /* Debug */,
				96880223162A41E700309623 /* Release */,
			);
			defaultConfigurationIsVisible = 0;
			defaultConfigurationName = Release;
		};
/* End XCConfigurationList section */
	};
	rootObject = 968801FA162A41E700309623 /* Project object */;
}
